Microsoft Visual Studio Solution File, Format Version 12.00
# Visual Studio 15
Project("{8BC9CEB8-8B4A-11D0-8D11-00A0C91BC942}") = "ALL_BUILD", "ALL_BUILD.vcxproj", "{8E868B7C-097A-3DDC-9A60-A6EAD15256B6}"
	ProjectSection(ProjectDependencies) = postProject
		{1CD59C8E-AE23-32CB-AD45-EA329A494809} = {1CD59C8E-AE23-32CB-AD45-EA329A494809}
		{4E48E7ED-E1F0-3DDC-BCAC-69F8AE60F113} = {4E48E7ED-E1F0-3DDC-BCAC-69F8AE60F113}
	EndProjectSection
EndProject
Project("{8BC9CEB8-8B4A-11D0-8D11-00A0C91BC942}") = "INSTALL", "INSTALL.vcxproj", "{53BF078A-0356-35AD-B5EC-D025958C959C}"
	ProjectSection(ProjectDependencies) = postProject
		{8E868B7C-097A-3DDC-9A60-A6EAD15256B6} = {8E868B7C-097A-3DDC-9A60-A6EAD15256B6}
		{1CD59C8E-AE23-32CB-AD45-EA329A494809} = {1CD59C8E-AE23-32CB-AD45-EA329A494809}
	EndProjectSection
EndProject
Project("{8BC9CEB8-8B4A-11D0-8D11-00A0C91BC942}") = "PACKAGE", "PACKAGE.vcxproj", "{5BC19B0A-7836-34BC-94D9-1AE8C48F170E}"
	ProjectSection(ProjectDependencies) = postProject
		{8E868B7C-097A-3DDC-9A60-A6EAD15256B6} = {8E868B7C-097A-3DDC-9A60-A6EAD15256B6}
		{1CD59C8E-AE23-32CB-AD45-EA329A494809} = {1CD59C8E-AE23-32CB-AD45-EA329A494809}
	EndProjectSection
EndProject
Project("{8BC9CEB8-8B4A-11D0-8D11-00A0C91BC942}") = "ZERO_CHECK", "ZERO_CHECK.vcxproj", "{1CD59C8E-AE23-32CB-AD45-EA329A494809}"
	ProjectSection(ProjectDependencies) = postProject
	EndProjectSection
EndProject
Project("{8BC9CEB8-8B4A-11D0-8D11-00A0C91BC942}") = "luciconnect", "luciconnect.vcxproj", "{4E48E7ED-E1F0-3DDC-BCAC-69F8AE60F113}"
	ProjectSection(ProjectDependencies) = postProject
		{1CD59C8E-AE23-32CB-AD45-EA329A494809} = {1CD59C8E-AE23-32CB-AD45-EA329A494809}
	EndProjectSection
EndProject
Global
	GlobalSection(SolutionConfigurationPlatforms) = preSolution
		Debug|x64 = Debug|x64
		Release|x64 = Release|x64
		MinSizeRel|x64 = MinSizeRel|x64
		RelWithDebInfo|x64 = RelWithDebInfo|x64
	EndGlobalSection
	GlobalSection(ProjectConfigurationPlatforms) = postSolution
		{8E868B7C-097A-3DDC-9A60-A6EAD15256B6}.Debug|x64.ActiveCfg = Debug|x64
		{8E868B7C-097A-3DDC-9A60-A6EAD15256B6}.Debug|x64.Build.0 = Debug|x64
		{8E868B7C-097A-3DDC-9A60-A6EAD15256B6}.Release|x64.ActiveCfg = Release|x64
		{8E868B7C-097A-3DDC-9A60-A6EAD15256B6}.Release|x64.Build.0 = Release|x64
		{8E868B7C-097A-3DDC-9A60-A6EAD15256B6}.MinSizeRel|x64.ActiveCfg = MinSizeRel|x64
		{8E868B7C-097A-3DDC-9A60-A6EAD15256B6}.MinSizeRel|x64.Build.0 = MinSizeRel|x64
		{8E868B7C-097A-3DDC-9A60-A6EAD15256B6}.RelWithDebInfo|x64.ActiveCfg = RelWithDebInfo|x64
		{8E868B7C-097A-3DDC-9A60-A6EAD15256B6}.RelWithDebInfo|x64.Build.0 = RelWithDebInfo|x64
		{53BF078A-0356-35AD-B5EC-D025958C959C}.Debug|x64.ActiveCfg = Debug|x64
		{53BF078A-0356-35AD-B5EC-D025958C959C}.Release|x64.ActiveCfg = Release|x64
		{53BF078A-0356-35AD-B5EC-D025958C959C}.MinSizeRel|x64.ActiveCfg = MinSizeRel|x64
		{53BF078A-0356-35AD-B5EC-D025958C959C}.RelWithDebInfo|x64.ActiveCfg = RelWithDebInfo|x64
		{5BC19B0A-7836-34BC-94D9-1AE8C48F170E}.Debug|x64.ActiveCfg = Debug|x64
		{5BC19B0A-7836-34BC-94D9-1AE8C48F170E}.Release|x64.ActiveCfg = Release|x64
		{5BC19B0A-7836-34BC-94D9-1AE8C48F170E}.MinSizeRel|x64.ActiveCfg = MinSizeRel|x64
		{5BC19B0A-7836-34BC-94D9-1AE8C48F170E}.RelWithDebInfo|x64.ActiveCfg = RelWithDebInfo|x64
		{1CD59C8E-AE23-32CB-AD45-EA329A494809}.Debug|x64.ActiveCfg = Debug|x64
		{1CD59C8E-AE23-32CB-AD45-EA329A494809}.Debug|x64.Build.0 = Debug|x64
		{1CD59C8E-AE23-32CB-AD45-EA329A494809}.Release|x64.ActiveCfg = Release|x64
		{1CD59C8E-AE23-32CB-AD45-EA329A494809}.Release|x64.Build.0 = Release|x64
		{1CD59C8E-AE23-32CB-AD45-EA329A494809}.MinSizeRel|x64.ActiveCfg = MinSizeRel|x64
		{1CD59C8E-AE23-32CB-AD45-EA329A494809}.MinSizeRel|x64.Build.0 = MinSizeRel|x64
		{1CD59C8E-AE23-32CB-AD45-EA329A494809}.RelWithDebInfo|x64.ActiveCfg = RelWithDebInfo|x64
		{1CD59C8E-AE23-32CB-AD45-EA329A494809}.RelWithDebInfo|x64.Build.0 = RelWithDebInfo|x64
		{4E48E7ED-E1F0-3DDC-BCAC-69F8AE60F113}.Debug|x64.ActiveCfg = Debug|x64
		{4E48E7ED-E1F0-3DDC-BCAC-69F8AE60F113}.Debug|x64.Build.0 = Debug|x64
		{4E48E7ED-E1F0-3DDC-BCAC-69F8AE60F113}.Release|x64.ActiveCfg = Release|x64
		{4E48E7ED-E1F0-3DDC-BCAC-69F8AE60F113}.Release|x64.Build.0 = Release|x64
		{4E48E7ED-E1F0-3DDC-BCAC-69F8AE60F113}.MinSizeRel|x64.ActiveCfg = MinSizeRel|x64
		{4E48E7ED-E1F0-3DDC-BCAC-69F8AE60F113}.MinSizeRel|x64.Build.0 = MinSizeRel|x64
		{4E48E7ED-E1F0-3DDC-BCAC-69F8AE60F113}.RelWithDebInfo|x64.ActiveCfg = RelWithDebInfo|x64
		{4E48E7ED-E1F0-3DDC-BCAC-69F8AE60F113}.RelWithDebInfo|x64.Build.0 = RelWithDebInfo|x64
	EndGlobalSection
	GlobalSection(ExtensibilityGlobals) = postSolution
	EndGlobalSection
	GlobalSection(ExtensibilityAddIns) = postSolution
	EndGlobalSection
EndGlobal
