<?xml version="1.0" encoding="UTF-8"?>
<Project ToolsVersion="15.0" xmlns="http://schemas.microsoft.com/developer/msbuild/2003">
  <ItemGroup>
    <CustomBuild Include="C:\Users\Michael\Source\Repos\luci-connect\CMakeFiles\3165057dc47abc8a026096e62a4d294d\generate.stamp.rule">
      <Filter>CMake Rules</Filter>
    </CustomBuild>
  </ItemGroup>
  <ItemGroup>
    <Filter Include="CMake Rules">
      <UniqueIdentifier>{16AF8D45-3919-3500-871D-F0DDA584165A}</UniqueIdentifier>
    </Filter>
  </ItemGroup>
</Project>
